
Microsoft Visual Studio Solution File, Format Version 12.00
# Visual Studio Version 16
VisualStudioVersion = 16.0.31025.194
MinimumVisualStudioVersion = 10.0.40219.1
Project("{FAE04EC0-301F-11D3-BF4B-00C04F79EFBC}") = "Exeption-Interceptor", "Exeption-Interceptor\Exeption-Interceptor.csproj", "{A4F3F800-7CC2-4E5F-BC57-8A47E4293BE3}"
EndProject
Global
	GlobalSection(SolutionConfigurationPlatforms) = preSolution
		Debug|Any CPU = Debug|Any CPU
		Release|Any CPU = Release|Any CPU
	EndGlobalSection
	GlobalSection(ProjectConfigurationPlatforms) = postSolution
		{A4F3F800-7CC2-4E5F-BC57-8A47E4293BE3}.Debug|Any CPU.ActiveCfg = Debug|Any CPU
		{A4F3F800-7CC2-4E5F-BC57-8A47E4293BE3}.Debug|Any CPU.Build.0 = Debug|Any CPU
		{A4F3F800-7CC2-4E5F-BC57-8A47E4293BE3}.Release|Any CPU.ActiveCfg = Release|Any CPU
		{A4F3F800-7CC2-4E5F-BC57-8A47E4293BE3}.Release|Any CPU.Build.0 = Release|Any CPU
	EndGlobalSection
	GlobalSection(SolutionProperties) = preSolution
		HideSolutionNode = FALSE
	EndGlobalSection
	GlobalSection(ExtensibilityGlobals) = postSolution
		SolutionGuid = {3B0DD7BE-BB57-482E-82A6-4E67848C539A}
	EndGlobalSection
EndGlobal
